
Microsoft Visual Studio Solution File, Format Version 12.00
# Visual Studio Version 17
VisualStudioVersion = 17.12.35514.174 d17.12
MinimumVisualStudioVersion = 10.0.40219.1
Project("{FAE04EC0-301F-11D3-BF4B-00C04F79EFBC}") = "ApiGateway", "ApiGateway\ApiGateway.csproj", "{C6FBDD50-17EC-4615-B00C-2D71588EC27C}"
EndProject
Project("{FAE04EC0-301F-11D3-BF4B-00C04F79EFBC}") = "Auth.API", "Auth.API\Auth.API.csproj", "{766DCDD3-E6E0-4793-86EA-6705C3D31D92}"
EndProject
Project("{FAE04EC0-301F-11D3-BF4B-00C04F79EFBC}") = "Podcast.API", "Podcast.API\Podcast.API.csproj", "{48C9C735-7BD3-4C0A-AE45-0EF9D6F47DE6}"
EndProject
Project("{FAE04EC0-301F-11D3-BF4B-00C04F79EFBC}") = "Comment.API", "Comment.API\Comment.API.csproj", "{5BF52091-64E1-4BE8-A825-E32471E9D7A3}"
EndProject
Project("{FAE04EC0-301F-11D3-BF4B-00C04F79EFBC}") = "Shared", "Shared\Shared.csproj", "{2388A625-8E3C-46FA-A78C-828CAB00E0CE}"
EndProject
Project("{2150E333-8FDC-42A3-9474-1A3956D46DE8}") = "src", "src", "{DD2B1341-5896-4BE5-9614-EC48E5BC0903}"
EndProject
Project("{2150E333-8FDC-42A3-9474-1A3956D46DE8}") = "Services", "Services", "{29239B6E-B1A8-4713-840E-B95AC5383502}"
EndProject
Global
	GlobalSection(SolutionConfigurationPlatforms) = preSolution
		Debug|Any CPU = Debug|Any CPU
		Release|Any CPU = Release|Any CPU
	EndGlobalSection
	GlobalSection(ProjectConfigurationPlatforms) = postSolution
		{C6FBDD50-17EC-4615-B00C-2D71588EC27C}.Debug|Any CPU.ActiveCfg = Debug|Any CPU
		{C6FBDD50-17EC-4615-B00C-2D71588EC27C}.Debug|Any CPU.Build.0 = Debug|Any CPU
		{C6FBDD50-17EC-4615-B00C-2D71588EC27C}.Release|Any CPU.ActiveCfg = Release|Any CPU
		{C6FBDD50-17EC-4615-B00C-2D71588EC27C}.Release|Any CPU.Build.0 = Release|Any CPU
		{766DCDD3-E6E0-4793-86EA-6705C3D31D92}.Debug|Any CPU.ActiveCfg = Debug|Any CPU
		{766DCDD3-E6E0-4793-86EA-6705C3D31D92}.Debug|Any CPU.Build.0 = Debug|Any CPU
		{766DCDD3-E6E0-4793-86EA-6705C3D31D92}.Release|Any CPU.ActiveCfg = Release|Any CPU
		{766DCDD3-E6E0-4793-86EA-6705C3D31D92}.Release|Any CPU.Build.0 = Release|Any CPU
		{48C9C735-7BD3-4C0A-AE45-0EF9D6F47DE6}.Debug|Any CPU.ActiveCfg = Debug|Any CPU
		{48C9C735-7BD3-4C0A-AE45-0EF9D6F47DE6}.Debug|Any CPU.Build.0 = Debug|Any CPU
		{48C9C735-7BD3-4C0A-AE45-0EF9D6F47DE6}.Release|Any CPU.ActiveCfg = Release|Any CPU
		{48C9C735-7BD3-4C0A-AE45-0EF9D6F47DE6}.Release|Any CPU.Build.0 = Release|Any CPU
		{5BF52091-64E1-4BE8-A825-E32471E9D7A3}.Debug|Any CPU.ActiveCfg = Debug|Any CPU
		{5BF52091-64E1-4BE8-A825-E32471E9D7A3}.Debug|Any CPU.Build.0 = Debug|Any CPU
		{5BF52091-64E1-4BE8-A825-E32471E9D7A3}.Release|Any CPU.ActiveCfg = Release|Any CPU
		{5BF52091-64E1-4BE8-A825-E32471E9D7A3}.Release|Any CPU.Build.0 = Release|Any CPU
		{2388A625-8E3C-46FA-A78C-828CAB00E0CE}.Debug|Any CPU.ActiveCfg = Debug|Any CPU
		{2388A625-8E3C-46FA-A78C-828CAB00E0CE}.Debug|Any CPU.Build.0 = Debug|Any CPU
		{2388A625-8E3C-46FA-A78C-828CAB00E0CE}.Release|Any CPU.ActiveCfg = Release|Any CPU
		{2388A625-8E3C-46FA-A78C-828CAB00E0CE}.Release|Any CPU.Build.0 = Release|Any CPU
	EndGlobalSection
	GlobalSection(SolutionProperties) = preSolution
		HideSolutionNode = FALSE
	EndGlobalSection
	GlobalSection(NestedProjects) = preSolution
		{C6FBDD50-17EC-4615-B00C-2D71588EC27C} = {DD2B1341-5896-4BE5-9614-EC48E5BC0903}
		{766DCDD3-E6E0-4793-86EA-6705C3D31D92} = {29239B6E-B1A8-4713-840E-B95AC5383502}
		{48C9C735-7BD3-4C0A-AE45-0EF9D6F47DE6} = {29239B6E-B1A8-4713-840E-B95AC5383502}
		{5BF52091-64E1-4BE8-A825-E32471E9D7A3} = {29239B6E-B1A8-4713-840E-B95AC5383502}
		{2388A625-8E3C-46FA-A78C-828CAB00E0CE} = {DD2B1341-5896-4BE5-9614-EC48E5BC0903}
		{29239B6E-B1A8-4713-840E-B95AC5383502} = {DD2B1341-5896-4BE5-9614-EC48E5BC0903}
	EndGlobalSection
EndGlobal
